// !$*UTF8*$!
{
	archiveVersion = 1;
	classes = {
	};
	objectVersion = 46;
	objects = {

/* Begin PBXBuildFile section */
		08173C6320A440F800BD03FA /* NSObjcExtensionTests.m in Sources */ = {isa = PBXBuildFile; fileRef = 08173C6220A440F800BD03FA /* NSObjcExtensionTests.m */; };
		08631D121F28FF30000D9BEE /* main.m in Sources */ = {isa = PBXBuildFile; fileRef = 08631D111F28FF30000D9BEE /* main.m */; };
		08631D151F28FF30000D9BEE /* AppDelegate.m in Sources */ = {isa = PBXBuildFile; fileRef = 08631D141F28FF30000D9BEE /* AppDelegate.m */; };
		08631D181F28FF30000D9BEE /* ViewController.m in Sources */ = {isa = PBXBuildFile; fileRef = 08631D171F28FF30000D9BEE /* ViewController.m */; };
		08631D1B1F28FF30000D9BEE /* Main.storyboard in Resources */ = {isa = PBXBuildFile; fileRef = 08631D191F28FF30000D9BEE /* Main.storyboard */; };
		08631D1D1F28FF30000D9BEE /* Assets.xcassets in Resources */ = {isa = PBXBuildFile; fileRef = 08631D1C1F28FF30000D9BEE /* Assets.xcassets */; };
		08631D201F28FF30000D9BEE /* LaunchScreen.storyboard in Resources */ = {isa = PBXBuildFile; fileRef = 08631D1E1F28FF30000D9BEE /* LaunchScreen.storyboard */; };
		08631D361F28FF30000D9BEE /* ObjcExtensionUITests.m in Sources */ = {isa = PBXBuildFile; fileRef = 08631D351F28FF30000D9BEE /* ObjcExtensionUITests.m */; };
		29CDD86598E13C2FBF40A704 /* libPods-ObjcExtensionTests.a in Frameworks */ = {isa = PBXBuildFile; fileRef = BAD163A7BD93279A0969BBBC /* libPods-ObjcExtensionTests.a */; };
		44829C2D2CBCCF2140A903C7 /* libPods-ObjcExtensionUITests.a in Frameworks */ = {isa = PBXBuildFile; fileRef = 443FB0B39991E66D6BB5BEE1 /* libPods-ObjcExtensionUITests.a */; };
		D36672E4CDC3D6BD80703E94 /* libPods-ObjcExtension.a in Frameworks */ = {isa = PBXBuildFile; fileRef = 228BE70ED7677304921F674E /* libPods-ObjcExtension.a */; };
/* End PBXBuildFile section */

/* Begin PBXContainerItemProxy section */
		08631D271F28FF30000D9BEE /* PBXContainerItemProxy */ = {
			isa = PBXContainerItemProxy;
			containerPortal = 08631D051F28FF30000D9BEE /* Project object */;
			proxyType = 1;
			remoteGlobalIDString = 08631D0C1F28FF30000D9BEE;
			remoteInfo = ObjcExtension;
		};
		08631D321F28FF30000D9BEE /* PBXContainerItemProxy */ = {
			isa = PBXContainerItemProxy;
			containerPortal = 08631D051F28FF30000D9BEE /* Project object */;
			proxyType = 1;
			remoteGlobalIDString = 08631D0C1F28FF30000D9BEE;
			remoteInfo = ObjcExtension;
		};
/* End PBXContainerItemProxy section */

/* Begin PBXFileReference section */
		08173C6220A440F800BD03FA /* NSObjcExtensionTests.m */ = {isa = PBXFileReference; lastKnownFileType = sourcecode.c.objc; path = NSObjcExtensionTests.m; sourceTree = "<group>"; };
		08631D0D1F28FF30000D9BEE /* ObjcExtension.app */ = {isa = PBXFileReference; explicitFileType = wrapper.application; includeInIndex = 0; path = ObjcExtension.app; sourceTree = BUILT_PRODUCTS_DIR; };
		08631D111F28FF30000D9BEE /* main.m */ = {isa = PBXFileReference; lastKnownFileType = sourcecode.c.objc; path = main.m; sourceTree = "<group>"; };
		08631D131F28FF30000D9BEE /* AppDelegate.h */ = {isa = PBXFileReference; lastKnownFileType = sourcecode.c.h; path = AppDelegate.h; sourceTree = "<group>"; };
		08631D141F28FF30000D9BEE /* AppDelegate.m */ = {isa = PBXFileReference; lastKnownFileType = sourcecode.c.objc; path = AppDelegate.m; sourceTree = "<group>"; };
		08631D161F28FF30000D9BEE /* ViewController.h */ = {isa = PBXFileReference; lastKnownFileType = sourcecode.c.h; path = ViewController.h; sourceTree = "<group>"; };
		08631D171F28FF30000D9BEE /* ViewController.m */ = {isa = PBXFileReference; lastKnownFileType = sourcecode.c.objc; path = ViewController.m; sourceTree = "<group>"; };
		08631D1A1F28FF30000D9BEE /* Base */ = {isa = PBXFileReference; lastKnownFileType = file.storyboard; name = Base; path = Base.lproj/Main.storyboard; sourceTree = "<group>"; };
		08631D1C1F28FF30000D9BEE /* Assets.xcassets */ = {isa = PBXFileReference; lastKnownFileType = folder.assetcatalog; path = Assets.xcassets; sourceTree = "<group>"; };
		08631D1F1F28FF30000D9BEE /* Base */ = {isa = PBXFileReference; lastKnownFileType = file.storyboard; name = Base; path = Base.lproj/LaunchScreen.storyboard; sourceTree = "<group>"; };
		08631D211F28FF30000D9BEE /* Info.plist */ = {isa = PBXFileReference; lastKnownFileType = text.plist.xml; path = Info.plist; sourceTree = "<group>"; };
		08631D261F28FF30000D9BEE /* ObjcExtensionTests.xctest */ = {isa = PBXFileReference; explicitFileType = wrapper.cfbundle; includeInIndex = 0; path = ObjcExtensionTests.xctest; sourceTree = BUILT_PRODUCTS_DIR; };
		08631D2C1F28FF30000D9BEE /* Info.plist */ = {isa = PBXFileReference; lastKnownFileType = text.plist.xml; path = Info.plist; sourceTree = "<group>"; };
		08631D311F28FF30000D9BEE /* ObjcExtensionUITests.xctest */ = {isa = PBXFileReference; explicitFileType = wrapper.cfbundle; includeInIndex = 0; path = ObjcExtensionUITests.xctest; sourceTree = BUILT_PRODUCTS_DIR; };
		08631D351F28FF30000D9BEE /* ObjcExtensionUITests.m */ = {isa = PBXFileReference; lastKnownFileType = sourcecode.c.objc; path = ObjcExtensionUITests.m; sourceTree = "<group>"; };
		08631D371F28FF30000D9BEE /* Info.plist */ = {isa = PBXFileReference; lastKnownFileType = text.plist.xml; path = Info.plist; sourceTree = "<group>"; };
		228BE70ED7677304921F674E /* libPods-ObjcExtension.a */ = {isa = PBXFileReference; explicitFileType = archive.ar; includeInIndex = 0; path = "libPods-ObjcExtension.a"; sourceTree = BUILT_PRODUCTS_DIR; };
		443FB0B39991E66D6BB5BEE1 /* libPods-ObjcExtensionUITests.a */ = {isa = PBXFileReference; explicitFileType = archive.ar; includeInIndex = 0; path = "libPods-ObjcExtensionUITests.a"; sourceTree = BUILT_PRODUCTS_DIR; };
		56C209ED03A351F16EA8DA84 /* Pods-ObjcExtension.release.xcconfig */ = {isa = PBXFileReference; includeInIndex = 1; lastKnownFileType = text.xcconfig; name = "Pods-ObjcExtension.release.xcconfig"; path = "Pods/Target Support Files/Pods-ObjcExtension/Pods-ObjcExtension.release.xcconfig"; sourceTree = "<group>"; };
		6BDB9205CAB4A3A48CC3CED0 /* Pods-ObjcExtensionTests.debug.xcconfig */ = {isa = PBXFileReference; includeInIndex = 1; lastKnownFileType = text.xcconfig; name = "Pods-ObjcExtensionTests.debug.xcconfig"; path = "Pods/Target Support Files/Pods-ObjcExtensionTests/Pods-ObjcExtensionTests.debug.xcconfig"; sourceTree = "<group>"; };
		7DA5591D52DF6E991CE73D5C /* Pods-ObjcExtensionTests.release.xcconfig */ = {isa = PBXFileReference; includeInIndex = 1; lastKnownFileType = text.xcconfig; name = "Pods-ObjcExtensionTests.release.xcconfig"; path = "Pods/Target Support Files/Pods-ObjcExtensionTests/Pods-ObjcExtensionTests.release.xcconfig"; sourceTree = "<group>"; };
		A73C4CDF218328B0C66AC6F4 /* Pods-ObjcExtensionUITests.debug.xcconfig */ = {isa = PBXFileReference; includeInIndex = 1; lastKnownFileType = text.xcconfig; name = "Pods-ObjcExtensionUITests.debug.xcconfig"; path = "Pods/Target Support Files/Pods-ObjcExtensionUITests/Pods-ObjcExtensionUITests.debug.xcconfig"; sourceTree = "<group>"; };
		ABC6AF8AC9826D8C1A2094E3 /* Pods-ObjcExtension.debug.xcconfig */ = {isa = PBXFileReference; includeInIndex = 1; lastKnownFileType = text.xcconfig; name = "Pods-ObjcExtension.debug.xcconfig"; path = "Pods/Target Support Files/Pods-ObjcExtension/Pods-ObjcExtension.debug.xcconfig"; sourceTree = "<group>"; };
		BAD163A7BD93279A0969BBBC /* libPods-ObjcExtensionTests.a */ = {isa = PBXFileReference; explicitFileType = archive.ar; includeInIndex = 0; path = "libPods-ObjcExtensionTests.a"; sourceTree = BUILT_PRODUCTS_DIR; };
		D6CDC6C446CAAEB42C4B9EED /* Pods-ObjcExtensionUITests.release.xcconfig */ = {isa = PBXFileReference; includeInIndex = 1; lastKnownFileType = text.xcconfig; name = "Pods-ObjcExtensionUITests.release.xcconfig"; path = "Pods/Target Support Files/Pods-ObjcExtensionUITests/Pods-ObjcExtensionUITests.release.xcconfig"; sourceTree = "<group>"; };
/* End PBXFileReference section */

/* Begin PBXFrameworksBuildPhase section */
		08631D0A1F28FF30000D9BEE /* Frameworks */ = {
			isa = PBXFrameworksBuildPhase;
			buildActionMask = 2147483647;
			files = (
				D36672E4CDC3D6BD80703E94 /* libPods-ObjcExtension.a in Frameworks */,
			);
			runOnlyForDeploymentPostprocessing = 0;
		};
		08631D231F28FF30000D9BEE /* Frameworks */ = {
			isa = PBXFrameworksBuildPhase;
			buildActionMask = 2147483647;
			files = (
				29CDD86598E13C2FBF40A704 /* libPods-ObjcExtensionTests.a in Frameworks */,
			);
			runOnlyForDeploymentPostprocessing = 0;
		};
		08631D2E1F28FF30000D9BEE /* Frameworks */ = {
			isa = PBXFrameworksBuildPhase;
			buildActionMask = 2147483647;
			files = (
				44829C2D2CBCCF2140A903C7 /* libPods-ObjcExtensionUITests.a in Frameworks */,
			);
			runOnlyForDeploymentPostprocessing = 0;
		};
/* End PBXFrameworksBuildPhase section */

/* Begin PBXGroup section */
		08631D041F28FF30000D9BEE = {
			isa = PBXGroup;
			children = (
				08631D0F1F28FF30000D9BEE /* ObjcExtension */,
				08631D291F28FF30000D9BEE /* ObjcExtensionTests */,
				08631D341F28FF30000D9BEE /* ObjcExtensionUITests */,
				08631D0E1F28FF30000D9BEE /* Products */,
				8BCAF6128027DE15FDE677C7 /* Pods */,
				FAD9CF2C4C2A2F16D35B242A /* Frameworks */,
			);
			sourceTree = "<group>";
		};
		08631D0E1F28FF30000D9BEE /* Products */ = {
			isa = PBXGroup;
			children = (
				08631D0D1F28FF30000D9BEE /* ObjcExtension.app */,
				08631D261F28FF30000D9BEE /* ObjcExtensionTests.xctest */,
				08631D311F28FF30000D9BEE /* ObjcExtensionUITests.xctest */,
			);
			name = Products;
			sourceTree = "<group>";
		};
		08631D0F1F28FF30000D9BEE /* ObjcExtension */ = {
			isa = PBXGroup;
			children = (
				08631D131F28FF30000D9BEE /* AppDelegate.h */,
				08631D141F28FF30000D9BEE /* AppDelegate.m */,
				08631D161F28FF30000D9BEE /* ViewController.h */,
				08631D171F28FF30000D9BEE /* ViewController.m */,
				08631D191F28FF30000D9BEE /* Main.storyboard */,
				08631D1C1F28FF30000D9BEE /* Assets.xcassets */,
				08631D1E1F28FF30000D9BEE /* LaunchScreen.storyboard */,
				08631D211F28FF30000D9BEE /* Info.plist */,
				08631D101F28FF30000D9BEE /* Supporting Files */,
			);
			path = ObjcExtension;
			sourceTree = "<group>";
		};
		08631D101F28FF30000D9BEE /* Supporting Files */ = {
			isa = PBXGroup;
			children = (
				08631D111F28FF30000D9BEE /* main.m */,
			);
			name = "Supporting Files";
			sourceTree = "<group>";
		};
		08631D291F28FF30000D9BEE /* ObjcExtensionTests */ = {
			isa = PBXGroup;
			children = (
				08173C6220A440F800BD03FA /* NSObjcExtensionTests.m */,
				08631D2C1F28FF30000D9BEE /* Info.plist */,
			);
			path = ObjcExtensionTests;
			sourceTree = "<group>";
		};
		08631D341F28FF30000D9BEE /* ObjcExtensionUITests */ = {
			isa = PBXGroup;
			children = (
				08631D351F28FF30000D9BEE /* ObjcExtensionUITests.m */,
				08631D371F28FF30000D9BEE /* Info.plist */,
			);
			path = ObjcExtensionUITests;
			sourceTree = "<group>";
		};
		8BCAF6128027DE15FDE677C7 /* Pods */ = {
			isa = PBXGroup;
			children = (
				ABC6AF8AC9826D8C1A2094E3 /* Pods-ObjcExtension.debug.xcconfig */,
				56C209ED03A351F16EA8DA84 /* Pods-ObjcExtension.release.xcconfig */,
				6BDB9205CAB4A3A48CC3CED0 /* Pods-ObjcExtensionTests.debug.xcconfig */,
				7DA5591D52DF6E991CE73D5C /* Pods-ObjcExtensionTests.release.xcconfig */,
				A73C4CDF218328B0C66AC6F4 /* Pods-ObjcExtensionUITests.debug.xcconfig */,
				D6CDC6C446CAAEB42C4B9EED /* Pods-ObjcExtensionUITests.release.xcconfig */,
			);
			name = Pods;
			sourceTree = "<group>";
		};
		FAD9CF2C4C2A2F16D35B242A /* Frameworks */ = {
			isa = PBXGroup;
			children = (
				228BE70ED7677304921F674E /* libPods-ObjcExtension.a */,
				BAD163A7BD93279A0969BBBC /* libPods-ObjcExtensionTests.a */,
				443FB0B39991E66D6BB5BEE1 /* libPods-ObjcExtensionUITests.a */,
			);
			name = Frameworks;
			sourceTree = "<group>";
		};
/* End PBXGroup section */

/* Begin PBXNativeTarget section */
		08631D0C1F28FF30000D9BEE /* ObjcExtension */ = {
			isa = PBXNativeTarget;
			buildConfigurationList = 08631D3A1F28FF30000D9BEE /* Build configuration list for PBXNativeTarget "ObjcExtension" */;
			buildPhases = (
				6322B5BE3993F75CED211CC9 /* [CP] Check Pods Manifest.lock */,
				08631D091F28FF30000D9BEE /* Sources */,
				08631D0A1F28FF30000D9BEE /* Frameworks */,
				08631D0B1F28FF30000D9BEE /* Resources */,
				A03EE99C25C6B0CB8A26EBE7 /* [CP] Copy Pods Resources */,
			);
			buildRules = (
			);
			dependencies = (
			);
			name = ObjcExtension;
			productName = ObjcExtension;
			productReference = 08631D0D1F28FF30000D9BEE /* ObjcExtension.app */;
			productType = "com.apple.product-type.application";
		};
		08631D251F28FF30000D9BEE /* ObjcExtensionTests */ = {
			isa = PBXNativeTarget;
			buildConfigurationList = 08631D3D1F28FF30000D9BEE /* Build configuration list for PBXNativeTarget "ObjcExtensionTests" */;
			buildPhases = (
				579F51B74967F8B0783FAB39 /* [CP] Check Pods Manifest.lock */,
				08631D221F28FF30000D9BEE /* Sources */,
				08631D231F28FF30000D9BEE /* Frameworks */,
				08631D241F28FF30000D9BEE /* Resources */,
			);
			buildRules = (
			);
			dependencies = (
				08631D281F28FF30000D9BEE /* PBXTargetDependency */,
			);
			name = ObjcExtensionTests;
			productName = ObjcExtensionTests;
			productReference = 08631D261F28FF30000D9BEE /* ObjcExtensionTests.xctest */;
			productType = "com.apple.product-type.bundle.unit-test";
		};
		08631D301F28FF30000D9BEE /* ObjcExtensionUITests */ = {
			isa = PBXNativeTarget;
			buildConfigurationList = 08631D401F28FF30000D9BEE /* Build configuration list for PBXNativeTarget "ObjcExtensionUITests" */;
			buildPhases = (
				149192C54D859C0579994C57 /* [CP] Check Pods Manifest.lock */,
				08631D2D1F28FF30000D9BEE /* Sources */,
				08631D2E1F28FF30000D9BEE /* Frameworks */,
				08631D2F1F28FF30000D9BEE /* Resources */,
			);
			buildRules = (
			);
			dependencies = (
				08631D331F28FF30000D9BEE /* PBXTargetDependency */,
			);
			name = ObjcExtensionUITests;
			productName = ObjcExtensionUITests;
			productReference = 08631D311F28FF30000D9BEE /* ObjcExtensionUITests.xctest */;
			productType = "com.apple.product-type.bundle.ui-testing";
		};
/* End PBXNativeTarget section */

/* Begin PBXProject section */
		08631D051F28FF30000D9BEE /* Project object */ = {
			isa = PBXProject;
			attributes = {
				LastUpgradeCheck = 0830;
				ORGANIZATIONNAME = jumpingfrog0;
				TargetAttributes = {
					08631D0C1F28FF30000D9BEE = {
						CreatedOnToolsVersion = 8.3.3;
						DevelopmentTeam = QYHAS9DK22;
						ProvisioningStyle = Automatic;
					};
					08631D251F28FF30000D9BEE = {
						CreatedOnToolsVersion = 8.3.3;
						DevelopmentTeam = QYHAS9DK22;
						ProvisioningStyle = Automatic;
						TestTargetID = 08631D0C1F28FF30000D9BEE;
					};
					08631D301F28FF30000D9BEE = {
						CreatedOnToolsVersion = 8.3.3;
						DevelopmentTeam = QYHAS9DK22;
						ProvisioningStyle = Automatic;
						TestTargetID = 08631D0C1F28FF30000D9BEE;
					};
				};
			};
			buildConfigurationList = 08631D081F28FF30000D9BEE /* Build configuration list for PBXProject "ObjcExtension" */;
			compatibilityVersion = "Xcode 3.2";
			developmentRegion = English;
			hasScannedForEncodings = 0;
			knownRegions = (
				en,
				Base,
			);
			mainGroup = 08631D041F28FF30000D9BEE;
			productRefGroup = 08631D0E1F28FF30000D9BEE /* Products */;
			projectDirPath = "";
			projectRoot = "";
			targets = (
				08631D0C1F28FF30000D9BEE /* ObjcExtension */,
				08631D251F28FF30000D9BEE /* ObjcExtensionTests */,
				08631D301F28FF30000D9BEE /* ObjcExtensionUITests */,
			);
		};
/* End PBXProject section */

/* Begin PBXResourcesBuildPhase section */
		08631D0B1F28FF30000D9BEE /* Resources */ = {
			isa = PBXResourcesBuildPhase;
			buildActionMask = 2147483647;
			files = (
				08631D201F28FF30000D9BEE /* LaunchScreen.storyboard in Resources */,
				08631D1D1F28FF30000D9BEE /* Assets.xcassets in Resources */,
				08631D1B1F28FF30000D9BEE /* Main.storyboard in Resources */,
			);
			runOnlyForDeploymentPostprocessing = 0;
		};
		08631D241F28FF30000D9BEE /* Resources */ = {
			isa = PBXResourcesBuildPhase;
			buildActionMask = 2147483647;
			files = (
			);
			runOnlyForDeploymentPostprocessing = 0;
		};
		08631D2F1F28FF30000D9BEE /* Resources */ = {
			isa = PBXResourcesBuildPhase;
			buildActionMask = 2147483647;
			files = (
			);
			runOnlyForDeploymentPostprocessing = 0;
		};
/* End PBXResourcesBuildPhase section */

/* Begin PBXShellScriptBuildPhase section */
		149192C54D859C0579994C57 /* [CP] Check Pods Manifest.lock */ = {
			isa = PBXShellScriptBuildPhase;
			buildActionMask = 2147483647;
			files = (
			);
			inputPaths = (
				"${PODS_PODFILE_DIR_PATH}/Podfile.lock",
				"${PODS_ROOT}/Manifest.lock",
			);
			name = "[CP] Check Pods Manifest.lock";
			outputPaths = (
				"$(DERIVED_FILE_DIR)/Pods-ObjcExtensionUITests-checkManifestLockResult.txt",
			);
			runOnlyForDeploymentPostprocessing = 0;
			shellPath = /bin/sh;
			shellScript = "diff \"${PODS_PODFILE_DIR_PATH}/Podfile.lock\" \"${PODS_ROOT}/Manifest.lock\" > /dev/null\nif [ $? != 0 ] ; then\n    # print error to STDERR\n    echo \"error: The sandbox is not in sync with the Podfile.lock. Run 'pod install' or update your CocoaPods installation.\" >&2\n    exit 1\nfi\n# This output is used by Xcode 'outputs' to avoid re-running this script phase.\necho \"SUCCESS\" > \"${SCRIPT_OUTPUT_FILE_0}\"\n";
			showEnvVarsInLog = 0;
		};
		579F51B74967F8B0783FAB39 /* [CP] Check Pods Manifest.lock */ = {
			isa = PBXShellScriptBuildPhase;
			buildActionMask = 2147483647;
			files = (
			);
			inputPaths = (
				"${PODS_PODFILE_DIR_PATH}/Podfile.lock",
				"${PODS_ROOT}/Manifest.lock",
			);
			name = "[CP] Check Pods Manifest.lock";
			outputPaths = (
				"$(DERIVED_FILE_DIR)/Pods-ObjcExtensionTests-checkManifestLockResult.txt",
			);
			runOnlyForDeploymentPostprocessing = 0;
			shellPath = /bin/sh;
			shellScript = "diff \"${PODS_PODFILE_DIR_PATH}/Podfile.lock\" \"${PODS_ROOT}/Manifest.lock\" > /dev/null\nif [ $? != 0 ] ; then\n    # print error to STDERR\n    echo \"error: The sandbox is not in sync with the Podfile.lock. Run 'pod install' or update your CocoaPods installation.\" >&2\n    exit 1\nfi\n# This output is used by Xcode 'outputs' to avoid re-running this script phase.\necho \"SUCCESS\" > \"${SCRIPT_OUTPUT_FILE_0}\"\n";
			showEnvVarsInLog = 0;
		};
		6322B5BE3993F75CED211CC9 /* [CP] Check Pods Manifest.lock */ = {
			isa = PBXShellScriptBuildPhase;
			buildActionMask = 2147483647;
			files = (
			);
			inputPaths = (
				"${PODS_PODFILE_DIR_PATH}/Podfile.lock",
				"${PODS_ROOT}/Manifest.lock",
			);
			name = "[CP] Check Pods Manifest.lock";
			outputPaths = (
				"$(DERIVED_FILE_DIR)/Pods-ObjcExtension-checkManifestLockResult.txt",
			);
			runOnlyForDeploymentPostprocessing = 0;
			shellPath = /bin/sh;
			shellScript = "diff \"${PODS_PODFILE_DIR_PATH}/Podfile.lock\" \"${PODS_ROOT}/Manifest.lock\" > /dev/null\nif [ $? != 0 ] ; then\n    # print error to STDERR\n    echo \"error: The sandbox is not in sync with the Podfile.lock. Run 'pod install' or update your CocoaPods installation.\" >&2\n    exit 1\nfi\n# This output is used by Xcode 'outputs' to avoid re-running this script phase.\necho \"SUCCESS\" > \"${SCRIPT_OUTPUT_FILE_0}\"\n";
			showEnvVarsInLog = 0;
		};
		A03EE99C25C6B0CB8A26EBE7 /* [CP] Copy Pods Resources */ = {
			isa = PBXShellScriptBuildPhase;
			buildActionMask = 2147483647;
			files = (
			);
			inputPaths = (
				"${SRCROOT}/Pods/Target Support Files/Pods-ObjcExtension/Pods-ObjcExtension-resources.sh",
				"${PODS_CONFIGURATION_BUILD_DIR}/ObjcExtension/ObjcExtension.bundle",
			);
			name = "[CP] Copy Pods Resources";
			outputPaths = (
				"${TARGET_BUILD_DIR}/${UNLOCALIZED_RESOURCES_FOLDER_PATH}/ObjcExtension.bundle",
			);
			runOnlyForDeploymentPostprocessing = 0;
			shellPath = /bin/sh;
			shellScript = "\"${SRCROOT}/Pods/Target Support Files/Pods-ObjcExtension/Pods-ObjcExtension-resources.sh\"\n";
			showEnvVarsInLog = 0;
		};
/* End PBXShellScriptBuildPhase section */

/* Begin PBXSourcesBuildPhase section */
		08631D091F28FF30000D9BEE /* Sources */ = {
			isa = PBXSourcesBuildPhase;
			buildActionMask = 2147483647;
			files = (
				08631D181F28FF30000D9BEE /* ViewController.m in Sources */,
				08631D151F28FF30000D9BEE /* AppDelegate.m in Sources */,
				08631D121F28FF30000D9BEE /* main.m in Sources */,
			);
			runOnlyForDeploymentPostprocessing = 0;
		};
		08631D221F28FF30000D9BEE /* Sources */ = {
			isa = PBXSourcesBuildPhase;
			buildActionMask = 2147483647;
			files = (
				08173C6320A440F800BD03FA /* NSObjcExtensionTests.m in Sources */,
			);
			runOnlyForDeploymentPostprocessing = 0;
		};
		08631D2D1F28FF30000D9BEE /* Sources */ = {
			isa = PBXSourcesBuildPhase;
			buildActionMask = 2147483647;
			files = (
				08631D361F28FF30000D9BEE /* ObjcExtensionUITests.m in Sources */,
			);
			runOnlyForDeploymentPostprocessing = 0;
		};
/* End PBXSourcesBuildPhase section */

/* Begin PBXTargetDependency section */
		08631D281F28FF30000D9BEE /* PBXTargetDependency */ = {
			isa = PBXTargetDependency;
			target = 08631D0C1F28FF30000D9BEE /* ObjcExtension */;
			targetProxy = 08631D271F28FF30000D9BEE /* PBXContainerItemProxy */;
		};
		08631D331F28FF30000D9BEE /* PBXTargetDependency */ = {
			isa = PBXTargetDependency;
			target = 08631D0C1F28FF30000D9BEE /* ObjcExtension */;
			targetProxy = 08631D321F28FF30000D9BEE /* PBXContainerItemProxy */;
		};
/* End PBXTargetDependency section */

/* Begin PBXVariantGroup section */
		08631D191F28FF30000D9BEE /* Main.storyboard */ = {
			isa = PBXVariantGroup;
			children = (
				08631D1A1F28FF30000D9BEE /* Base */,
			);
			name = Main.storyboard;
			sourceTree = "<group>";
		};
		08631D1E1F28FF30000D9BEE /* LaunchScreen.storyboard */ = {
			isa = PBXVariantGroup;
			children = (
				08631D1F1F28FF30000D9BEE /* Base */,
			);
			name = LaunchScreen.storyboard;
			sourceTree = "<group>";
		};
/* End PBXVariantGroup section */

/* Begin XCBuildConfiguration section */
		08631D381F28FF30000D9BEE /* Debug */ = {
			isa = XCBuildConfiguration;
			buildSettings = {
				ALWAYS_SEARCH_USER_PATHS = NO;
				CLANG_ANALYZER_NONNULL = YES;
				CLANG_ANALYZER_NUMBER_OBJECT_CONVERSION = YES_AGGRESSIVE;
				CLANG_CXX_LANGUAGE_STANDARD = "gnu++0x";
				CLANG_CXX_LIBRARY = "libc++";
				CLANG_ENABLE_MODULES = YES;
				CLANG_ENABLE_OBJC_ARC = YES;
				CLANG_WARN_BOOL_CONVERSION = YES;
				CLANG_WARN_CONSTANT_CONVERSION = YES;
				CLANG_WARN_DIRECT_OBJC_ISA_USAGE = YES_ERROR;
				CLANG_WARN_DOCUMENTATION_COMMENTS = YES;
				CLANG_WARN_EMPTY_BODY = YES;
				CLANG_WARN_ENUM_CONVERSION = YES;
				CLANG_WARN_INFINITE_RECURSION = YES;
				CLANG_WARN_INT_CONVERSION = YES;
				CLANG_WARN_OBJC_ROOT_CLASS = YES_ERROR;
				CLANG_WARN_SUSPICIOUS_MOVE = YES;
				CLANG_WARN_UNREACHABLE_CODE = YES;
				CLANG_WARN__DUPLICATE_METHOD_MATCH = YES;
				"CODE_SIGN_IDENTITY[sdk=iphoneos*]" = "iPhone Developer";
				COPY_PHASE_STRIP = NO;
				DEBUG_INFORMATION_FORMAT = dwarf;
				ENABLE_STRICT_OBJC_MSGSEND = YES;
				ENABLE_TESTABILITY = YES;
				GCC_C_LANGUAGE_STANDARD = gnu99;
				GCC_DYNAMIC_NO_PIC = NO;
				GCC_NO_COMMON_BLOCKS = YES;
				GCC_OPTIMIZATION_LEVEL = 0;
				GCC_PREPROCESSOR_DEFINITIONS = (
					"DEBUG=1",
					"$(inherited)",
				);
				GCC_WARN_64_TO_32_BIT_CONVERSION = YES;
				GCC_WARN_ABOUT_RETURN_TYPE = YES_ERROR;
				GCC_WARN_UNDECLARED_SELECTOR = YES;
				GCC_WARN_UNINITIALIZED_AUTOS = YES_AGGRESSIVE;
				GCC_WARN_UNUSED_FUNCTION = YES;
				GCC_WARN_UNUSED_VARIABLE = YES;
				IPHONEOS_DEPLOYMENT_TARGET = 10.3;
				MTL_ENABLE_DEBUG_INFO = YES;
				ONLY_ACTIVE_ARCH = YES;
				SDKROOT = iphoneos;
			};
			name = Debug;
		};
		08631D391F28FF30000D9BEE /* Release */ = {
			isa = XCBuildConfiguration;
			buildSettings = {
				ALWAYS_SEARCH_USER_PATHS = NO;
				CLANG_ANALYZER_NONNULL = YES;
				CLANG_ANALYZER_NUMBER_OBJECT_CONVERSION = YES_AGGRESSIVE;
				CLANG_CXX_LANGUAGE_STANDARD = "gnu++0x";
				CLANG_CXX_LIBRARY = "libc++";
				CLANG_ENABLE_MODULES = YES;
				CLANG_ENABLE_OBJC_ARC = YES;
				CLANG_WARN_BOOL_CONVERSION = YES;
				CLANG_WARN_CONSTANT_CONVERSION = YES;
				CLANG_WARN_DIRECT_OBJC_ISA_USAGE = YES_ERROR;
				CLANG_WARN_DOCUMENTATION_COMMENTS = YES;
				CLANG_WARN_EMPTY_BODY = YES;
				CLANG_WARN_ENUM_CONVERSION = YES;
				CLANG_WARN_INFINITE_RECURSION = YES;
				CLANG_WARN_INT_CONVERSION = YES;
				CLANG_WARN_OBJC_ROOT_CLASS = YES_ERROR;
				CLANG_WARN_SUSPICIOUS_MOVE = YES;
				CLANG_WARN_UNREACHABLE_CODE = YES;
				CLANG_WARN__DUPLICATE_METHOD_MATCH = YES;
				"CODE_SIGN_IDENTITY[sdk=iphoneos*]" = "iPhone Developer";
				COPY_PHASE_STRIP = NO;
				DEBUG_INFORMATION_FORMAT = "dwarf-with-dsym";
				ENABLE_NS_ASSERTIONS = NO;
				ENABLE_STRICT_OBJC_MSGSEND = YES;
				GCC_C_LANGUAGE_STANDARD = gnu99;
				GCC_NO_COMMON_BLOCKS = YES;
				GCC_WARN_64_TO_32_BIT_CONVERSION = YES;
				GCC_WARN_ABOUT_RETURN_TYPE = YES_ERROR;
				GCC_WARN_UNDECLARED_SELECTOR = YES;
				GCC_WARN_UNINITIALIZED_AUTOS = YES_AGGRESSIVE;
				GCC_WARN_UNUSED_FUNCTION = YES;
				GCC_WARN_UNUSED_VARIABLE = YES;
				IPHONEOS_DEPLOYMENT_TARGET = 10.3;
				MTL_ENABLE_DEBUG_INFO = NO;
				SDKROOT = iphoneos;
				VALIDATE_PRODUCT = YES;
			};
			name = Release;
		};
		08631D3B1F28FF30000D9BEE /* Debug */ = {
			isa = XCBuildConfiguration;
			baseConfigurationReference = ABC6AF8AC9826D8C1A2094E3 /* Pods-ObjcExtension.debug.xcconfig */;
			buildSettings = {
				ASSETCATALOG_COMPILER_APPICON_NAME = AppIcon;
				DEVELOPMENT_TEAM = QYHAS9DK22;
				GCC_PRECOMPILE_PREFIX_HEADER = YES;
				INFOPLIST_FILE = ObjcExtension/Info.plist;
				LD_RUNPATH_SEARCH_PATHS = "$(inherited) @executable_path/Frameworks";
				PRODUCT_BUNDLE_IDENTIFIER = com.jumpingfrog0.ObjcExtension;
				PRODUCT_NAME = "$(TARGET_NAME)";
			};
			name = Debug;
		};
		08631D3C1F28FF30000D9BEE /* Release */ = {
			isa = XCBuildConfiguration;
			baseConfigurationReference = 56C209ED03A351F16EA8DA84 /* Pods-ObjcExtension.release.xcconfig */;
			buildSettings = {
				ASSETCATALOG_COMPILER_APPICON_NAME = AppIcon;
				DEVELOPMENT_TEAM = QYHAS9DK22;
				GCC_PRECOMPILE_PREFIX_HEADER = YES;
				INFOPLIST_FILE = ObjcExtension/Info.plist;
				LD_RUNPATH_SEARCH_PATHS = "$(inherited) @executable_path/Frameworks";
				PRODUCT_BUNDLE_IDENTIFIER = com.jumpingfrog0.ObjcExtension;
				PRODUCT_NAME = "$(TARGET_NAME)";
			};
			name = Release;
		};
		08631D3E1F28FF30000D9BEE /* Debug */ = {
			isa = XCBuildConfiguration;
			baseConfigurationReference = 6BDB9205CAB4A3A48CC3CED0 /* Pods-ObjcExtensionTests.debug.xcconfig */;
			buildSettings = {
				BUNDLE_LOADER = "$(TEST_HOST)";
				DEVELOPMENT_TEAM = QYHAS9DK22;
				INFOPLIST_FILE = ObjcExtensionTests/Info.plist;
				LD_RUNPATH_SEARCH_PATHS = "$(inherited) @executable_path/Frameworks @loader_path/Frameworks";
				PRODUCT_BUNDLE_IDENTIFIER = com.jumpingfrog0.objcExtension.ObjcExtensionTests;
				PRODUCT_NAME = "$(TARGET_NAME)";
				TEST_HOST = "$(BUILT_PRODUCTS_DIR)/ObjcExtension.app/ObjcExtension";
			};
			name = Debug;
		};
		08631D3F1F28FF30000D9BEE /* Release */ = {
			isa = XCBuildConfiguration;
			baseConfigurationReference = 7DA5591D52DF6E991CE73D5C /* Pods-ObjcExtensionTests.release.xcconfig */;
			buildSettings = {
				BUNDLE_LOADER = "$(TEST_HOST)";
				DEVELOPMENT_TEAM = QYHAS9DK22;
				INFOPLIST_FILE = ObjcExtensionTests/Info.plist;
				LD_RUNPATH_SEARCH_PATHS = "$(inherited) @executable_path/Frameworks @loader_path/Frameworks";
				PRODUCT_BUNDLE_IDENTIFIER = com.jumpingfrog0.objcExtension.ObjcExtensionTests;
				PRODUCT_NAME = "$(TARGET_NAME)";
				TEST_HOST = "$(BUILT_PRODUCTS_DIR)/ObjcExtension.app/ObjcExtension";
			};
			name = Release;
		};
		08631D411F28FF30000D9BEE /* Debug */ = {
			isa = XCBuildConfiguration;
			baseConfigurationReference = A73C4CDF218328B0C66AC6F4 /* Pods-ObjcExtensionUITests.debug.xcconfig */;
			buildSettings = {
				DEVELOPMENT_TEAM = QYHAS9DK22;
				INFOPLIST_FILE = ObjcExtensionUITests/Info.plist;
				LD_RUNPATH_SEARCH_PATHS = "$(inherited) @executable_path/Frameworks @loader_path/Frameworks";
				PRODUCT_BUNDLE_IDENTIFIER = com.jumpingfrog0.objcExtension.ObjcExtensionUITests;
				PRODUCT_NAME = "$(TARGET_NAME)";
				TEST_TARGET_NAME = ObjcExtension;
			};
			name = Debug;
		};
		08631D421F28FF30000D9BEE /* Release */ = {
			isa = XCBuildConfiguration;
			baseConfigurationReference = D6CDC6C446CAAEB42C4B9EED /* Pods-ObjcExtensionUITests.release.xcconfig */;
			buildSettings = {
				DEVELOPMENT_TEAM = QYHAS9DK22;
				INFOPLIST_FILE = ObjcExtensionUITests/Info.plist;
				LD_RUNPATH_SEARCH_PATHS = "$(inherited) @executable_path/Frameworks @loader_path/Frameworks";
				PRODUCT_BUNDLE_IDENTIFIER = com.jumpingfrog0.objcExtension.ObjcExtensionUITests;
				PRODUCT_NAME = "$(TARGET_NAME)";
				TEST_TARGET_NAME = ObjcExtension;
			};
			name = Release;
		};
/* End XCBuildConfiguration section */

/* Begin XCConfigurationList section */
		08631D081F28FF30000D9BEE /* Build configuration list for PBXProject "ObjcExtension" */ = {
			isa = XCConfigurationList;
			buildConfigurations = (
				08631D381F28FF30000D9BEE /* Debug */,
				08631D391F28FF30000D9BEE /* Release */,
			);
			defaultConfigurationIsVisible = 0;
			defaultConfigurationName = Release;
		};
		08631D3A1F28FF30000D9BEE /* Build configuration list for PBXNativeTarget "ObjcExtension" */ = {
			isa = XCConfigurationList;
			buildConfigurations = (
				08631D3B1F28FF30000D9BEE /* Debug */,
				08631D3C1F28FF30000D9BEE /* Release */,
			);
			defaultConfigurationIsVisible = 0;
			defaultConfigurationName = Release;
		};
		08631D3D1F28FF30000D9BEE /* Build configuration list for PBXNativeTarget "ObjcExtensionTests" */ = {
			isa = XCConfigurationList;
			buildConfigurations = (
				08631D3E1F28FF30000D9BEE /* Debug */,
				08631D3F1F28FF30000D9BEE /* Release */,
			);
			defaultConfigurationIsVisible = 0;
			defaultConfigurationName = Release;
		};
		08631D401F28FF30000D9BEE /* Build configuration list for PBXNativeTarget "ObjcExtensionUITests" */ = {
			isa = XCConfigurationList;
			buildConfigurations = (
				08631D411F28FF30000D9BEE /* Debug */,
				08631D421F28FF30000D9BEE /* Release */,
			);
			defaultConfigurationIsVisible = 0;
			defaultConfigurationName = Release;
		};
/* End XCConfigurationList section */
	};
	rootObject = 08631D051F28FF30000D9BEE /* Project object */;
}
